
Microsoft Visual Studio Solution File, Format Version 12.00
# Visual Studio Version 16
VisualStudioVersion = 16.0.28803.202
MinimumVisualStudioVersion = 10.0.40219.1
Project("{FAE04EC0-301F-11D3-BF4B-00C04F79EFBC}") = "BetterChat", "BetterChat\BetterChat.csproj", "{A81C5907-42C8-48A8-A758-24FCACBFD3AA}"
EndProject
Project("{FAE04EC0-301F-11D3-BF4B-00C04F79EFBC}") = "DeathPenalty", "DeathPenalty\DeathPenalty.csproj", "{F35B4EF7-5AB1-40F7-864F-09BE2F9FCC8C}"
EndProject
Project("{FAE04EC0-301F-11D3-BF4B-00C04F79EFBC}") = "Sated", "Sated\Sated.csproj", "{06B242D5-3A1A-407A-A9D1-A816C4750099}"
EndProject
Project("{FAE04EC0-301F-11D3-BF4B-00C04F79EFBC}") = "Pathfinder", "Pathfinder\Pathfinder.csproj", "{DEB680B1-786F-4E93-8793-25E19B570FEF}"
EndProject
Global
	GlobalSection(SolutionConfigurationPlatforms) = preSolution
		Debug|Any CPU = Debug|Any CPU
		Release|Any CPU = Release|Any CPU
	EndGlobalSection
	GlobalSection(ProjectConfigurationPlatforms) = postSolution
		{A81C5907-42C8-48A8-A758-24FCACBFD3AA}.Debug|Any CPU.ActiveCfg = Debug|Any CPU
		{A81C5907-42C8-48A8-A758-24FCACBFD3AA}.Debug|Any CPU.Build.0 = Debug|Any CPU
		{A81C5907-42C8-48A8-A758-24FCACBFD3AA}.Release|Any CPU.ActiveCfg = Release|Any CPU
		{A81C5907-42C8-48A8-A758-24FCACBFD3AA}.Release|Any CPU.Build.0 = Release|Any CPU
		{F35B4EF7-5AB1-40F7-864F-09BE2F9FCC8C}.Debug|Any CPU.ActiveCfg = Debug|Any CPU
		{F35B4EF7-5AB1-40F7-864F-09BE2F9FCC8C}.Debug|Any CPU.Build.0 = Debug|Any CPU
		{F35B4EF7-5AB1-40F7-864F-09BE2F9FCC8C}.Release|Any CPU.ActiveCfg = Release|Any CPU
		{F35B4EF7-5AB1-40F7-864F-09BE2F9FCC8C}.Release|Any CPU.Build.0 = Release|Any CPU
		{06B242D5-3A1A-407A-A9D1-A816C4750099}.Debug|Any CPU.ActiveCfg = Debug|Any CPU
		{06B242D5-3A1A-407A-A9D1-A816C4750099}.Debug|Any CPU.Build.0 = Debug|Any CPU
		{06B242D5-3A1A-407A-A9D1-A816C4750099}.Release|Any CPU.ActiveCfg = Release|Any CPU
		{06B242D5-3A1A-407A-A9D1-A816C4750099}.Release|Any CPU.Build.0 = Release|Any CPU
		{DEB680B1-786F-4E93-8793-25E19B570FEF}.Debug|Any CPU.ActiveCfg = Debug|Any CPU
		{DEB680B1-786F-4E93-8793-25E19B570FEF}.Debug|Any CPU.Build.0 = Debug|Any CPU
		{DEB680B1-786F-4E93-8793-25E19B570FEF}.Release|Any CPU.ActiveCfg = Release|Any CPU
		{DEB680B1-786F-4E93-8793-25E19B570FEF}.Release|Any CPU.Build.0 = Release|Any CPU
	EndGlobalSection
	GlobalSection(SolutionProperties) = preSolution
		HideSolutionNode = FALSE
	EndGlobalSection
	GlobalSection(ExtensibilityGlobals) = postSolution
		SolutionGuid = {1D536A96-96E3-4F88-A565-3D8B434B0BC4}
	EndGlobalSection
EndGlobal
