
Microsoft Visual Studio Solution File, Format Version 12.00
# Visual Studio Version 17
VisualStudioVersion = 17.2.32616.157
MinimumVisualStudioVersion = 10.0.40219.1
Project("{FAE04EC0-301F-11D3-BF4B-00C04F79EFBC}") = "BetterChat", "BetterChat\BetterChat.csproj", "{A81C5907-42C8-48A8-A758-24FCACBFD3AA}"
EndProject
Project("{FAE04EC0-301F-11D3-BF4B-00C04F79EFBC}") = "DeathPenalty", "DeathPenalty\DeathPenalty.csproj", "{F35B4EF7-5AB1-40F7-864F-09BE2F9FCC8C}"
EndProject
Project("{FAE04EC0-301F-11D3-BF4B-00C04F79EFBC}") = "Sated", "Sated\Sated.csproj", "{06B242D5-3A1A-407A-A9D1-A816C4750099}"
EndProject
Project("{FAE04EC0-301F-11D3-BF4B-00C04F79EFBC}") = "Pathfinder", "Pathfinder\Pathfinder.csproj", "{DEB680B1-786F-4E93-8793-25E19B570FEF}"
EndProject
Project("{FAE04EC0-301F-11D3-BF4B-00C04F79EFBC}") = "GracefulLanding", "GracefulLanding\GracefulLanding.csproj", "{59E3A8B0-42D8-4F95-B9E2-E61BBE7F58F4}"
EndProject
Project("{FAE04EC0-301F-11D3-BF4B-00C04F79EFBC}") = "ProperPortals", "ProperPortals\ProperPortals.csproj", "{21B0FA01-FC7D-40F1-A2A5-D5C0881C5E3D}"
EndProject
Project("{FAE04EC0-301F-11D3-BF4B-00C04F79EFBC}") = "FastTools", "FastTools\FastTools.csproj", "{F56F1A49-D0AB-40C0-A18F-7787796B5B83}"
EndProject
Project("{FAE04EC0-301F-11D3-BF4B-00C04F79EFBC}") = "DigDeeper", "DigDeeper\DigDeeper.csproj", "{257C1ABB-2713-468A-8321-84C583805FAA}"
EndProject
Project("{FAE04EC0-301F-11D3-BF4B-00C04F79EFBC}") = "Magni", "Magni\Magni.csproj", "{32A6E5CB-3899-484C-8146-4CB67131CBF9}"
EndProject
Project("{FAE04EC0-301F-11D3-BF4B-00C04F79EFBC}") = "Farmland", "Farmland\Farmland.csproj", "{AF35011C-E111-4C38-9A7C-D50C6D83D322}"
EndProject
Project("{FAE04EC0-301F-11D3-BF4B-00C04F79EFBC}") = "Comfortable", "Comfortable\Comfortable.csproj", "{A9D5F180-5FFB-4854-9A5E-81940E3B5666}"
EndProject
Global
	GlobalSection(SolutionConfigurationPlatforms) = preSolution
		Debug|Any CPU = Debug|Any CPU
		Release|Any CPU = Release|Any CPU
	EndGlobalSection
	GlobalSection(ProjectConfigurationPlatforms) = postSolution
		{A81C5907-42C8-48A8-A758-24FCACBFD3AA}.Debug|Any CPU.ActiveCfg = Debug|Any CPU
		{A81C5907-42C8-48A8-A758-24FCACBFD3AA}.Debug|Any CPU.Build.0 = Debug|Any CPU
		{A81C5907-42C8-48A8-A758-24FCACBFD3AA}.Release|Any CPU.ActiveCfg = Release|Any CPU
		{A81C5907-42C8-48A8-A758-24FCACBFD3AA}.Release|Any CPU.Build.0 = Release|Any CPU
		{F35B4EF7-5AB1-40F7-864F-09BE2F9FCC8C}.Debug|Any CPU.ActiveCfg = Debug|Any CPU
		{F35B4EF7-5AB1-40F7-864F-09BE2F9FCC8C}.Debug|Any CPU.Build.0 = Debug|Any CPU
		{F35B4EF7-5AB1-40F7-864F-09BE2F9FCC8C}.Release|Any CPU.ActiveCfg = Release|Any CPU
		{F35B4EF7-5AB1-40F7-864F-09BE2F9FCC8C}.Release|Any CPU.Build.0 = Release|Any CPU
		{06B242D5-3A1A-407A-A9D1-A816C4750099}.Debug|Any CPU.ActiveCfg = Debug|Any CPU
		{06B242D5-3A1A-407A-A9D1-A816C4750099}.Debug|Any CPU.Build.0 = Debug|Any CPU
		{06B242D5-3A1A-407A-A9D1-A816C4750099}.Release|Any CPU.ActiveCfg = Release|Any CPU
		{06B242D5-3A1A-407A-A9D1-A816C4750099}.Release|Any CPU.Build.0 = Release|Any CPU
		{DEB680B1-786F-4E93-8793-25E19B570FEF}.Debug|Any CPU.ActiveCfg = Debug|Any CPU
		{DEB680B1-786F-4E93-8793-25E19B570FEF}.Debug|Any CPU.Build.0 = Debug|Any CPU
		{DEB680B1-786F-4E93-8793-25E19B570FEF}.Release|Any CPU.ActiveCfg = Release|Any CPU
		{DEB680B1-786F-4E93-8793-25E19B570FEF}.Release|Any CPU.Build.0 = Release|Any CPU
		{59E3A8B0-42D8-4F95-B9E2-E61BBE7F58F4}.Debug|Any CPU.ActiveCfg = Debug|Any CPU
		{59E3A8B0-42D8-4F95-B9E2-E61BBE7F58F4}.Debug|Any CPU.Build.0 = Debug|Any CPU
		{59E3A8B0-42D8-4F95-B9E2-E61BBE7F58F4}.Release|Any CPU.ActiveCfg = Release|Any CPU
		{59E3A8B0-42D8-4F95-B9E2-E61BBE7F58F4}.Release|Any CPU.Build.0 = Release|Any CPU
		{21B0FA01-FC7D-40F1-A2A5-D5C0881C5E3D}.Debug|Any CPU.ActiveCfg = Debug|Any CPU
		{21B0FA01-FC7D-40F1-A2A5-D5C0881C5E3D}.Debug|Any CPU.Build.0 = Debug|Any CPU
		{21B0FA01-FC7D-40F1-A2A5-D5C0881C5E3D}.Release|Any CPU.ActiveCfg = Release|Any CPU
		{21B0FA01-FC7D-40F1-A2A5-D5C0881C5E3D}.Release|Any CPU.Build.0 = Release|Any CPU
		{F56F1A49-D0AB-40C0-A18F-7787796B5B83}.Debug|Any CPU.ActiveCfg = Debug|Any CPU
		{F56F1A49-D0AB-40C0-A18F-7787796B5B83}.Debug|Any CPU.Build.0 = Debug|Any CPU
		{F56F1A49-D0AB-40C0-A18F-7787796B5B83}.Release|Any CPU.ActiveCfg = Release|Any CPU
		{F56F1A49-D0AB-40C0-A18F-7787796B5B83}.Release|Any CPU.Build.0 = Release|Any CPU
		{257C1ABB-2713-468A-8321-84C583805FAA}.Debug|Any CPU.ActiveCfg = Debug|Any CPU
		{257C1ABB-2713-468A-8321-84C583805FAA}.Debug|Any CPU.Build.0 = Debug|Any CPU
		{257C1ABB-2713-468A-8321-84C583805FAA}.Release|Any CPU.ActiveCfg = Release|Any CPU
		{257C1ABB-2713-468A-8321-84C583805FAA}.Release|Any CPU.Build.0 = Release|Any CPU
		{32A6E5CB-3899-484C-8146-4CB67131CBF9}.Debug|Any CPU.ActiveCfg = Debug|Any CPU
		{32A6E5CB-3899-484C-8146-4CB67131CBF9}.Debug|Any CPU.Build.0 = Debug|Any CPU
		{32A6E5CB-3899-484C-8146-4CB67131CBF9}.Release|Any CPU.ActiveCfg = Release|Any CPU
		{32A6E5CB-3899-484C-8146-4CB67131CBF9}.Release|Any CPU.Build.0 = Release|Any CPU
		{AF35011C-E111-4C38-9A7C-D50C6D83D322}.Debug|Any CPU.ActiveCfg = Debug|Any CPU
		{AF35011C-E111-4C38-9A7C-D50C6D83D322}.Debug|Any CPU.Build.0 = Debug|Any CPU
		{AF35011C-E111-4C38-9A7C-D50C6D83D322}.Release|Any CPU.ActiveCfg = Release|Any CPU
		{AF35011C-E111-4C38-9A7C-D50C6D83D322}.Release|Any CPU.Build.0 = Release|Any CPU
		{A9D5F180-5FFB-4854-9A5E-81940E3B5666}.Debug|Any CPU.ActiveCfg = Debug|Any CPU
		{A9D5F180-5FFB-4854-9A5E-81940E3B5666}.Debug|Any CPU.Build.0 = Debug|Any CPU
		{A9D5F180-5FFB-4854-9A5E-81940E3B5666}.Release|Any CPU.ActiveCfg = Release|Any CPU
		{A9D5F180-5FFB-4854-9A5E-81940E3B5666}.Release|Any CPU.Build.0 = Release|Any CPU
	EndGlobalSection
	GlobalSection(SolutionProperties) = preSolution
		HideSolutionNode = FALSE
	EndGlobalSection
	GlobalSection(ExtensibilityGlobals) = postSolution
		SolutionGuid = {1D536A96-96E3-4F88-A565-3D8B434B0BC4}
	EndGlobalSection
EndGlobal
